
Microsoft Visual Studio Solution File, Format Version 12.00
# Visual Studio Version 17
VisualStudioVersion = 17.5.33627.172
MinimumVisualStudioVersion = 10.0.40219.1
Project("{9A19103F-16F7-4668-BE54-9A1E7A4F7556}") = "aspnet03_portfolioWebApp", "aspnet03_portfolioWebApp\aspnet03_portfolioWebApp.csproj", "{799E8305-6B94-413B-A869-93FE824B7616}"
EndProject
Global
	GlobalSection(SolutionConfigurationPlatforms) = preSolution
		Debug|Any CPU = Debug|Any CPU
		Release|Any CPU = Release|Any CPU
	EndGlobalSection
	GlobalSection(ProjectConfigurationPlatforms) = postSolution
		{799E8305-6B94-413B-A869-93FE824B7616}.Debug|Any CPU.ActiveCfg = Debug|Any CPU
		{799E8305-6B94-413B-A869-93FE824B7616}.Debug|Any CPU.Build.0 = Debug|Any CPU
		{799E8305-6B94-413B-A869-93FE824B7616}.Release|Any CPU.ActiveCfg = Release|Any CPU
		{799E8305-6B94-413B-A869-93FE824B7616}.Release|Any CPU.Build.0 = Release|Any CPU
	EndGlobalSection
	GlobalSection(SolutionProperties) = preSolution
		HideSolutionNode = FALSE
	EndGlobalSection
	GlobalSection(ExtensibilityGlobals) = postSolution
		SolutionGuid = {C6D40E45-6B20-42C2-9E00-C74C37480DA6}
	EndGlobalSection
EndGlobal
